
Microsoft Visual Studio Solution File, Format Version 12.00
# Visual Studio Version 16
VisualStudioVersion = 16.0.29911.84
MinimumVisualStudioVersion = 10.0.40219.1
Project("{FAE04EC0-301F-11D3-BF4B-00C04F79EFBC}") = "LINQTutorials", "LINQTutorials\LINQTutorials.csproj", "{3A50DF7C-1B83-49EE-AC53-80A807F2CCFD}"
EndProject
Global
	GlobalSection(SolutionConfigurationPlatforms) = preSolution
		Debug|Any CPU = Debug|Any CPU
		Release|Any CPU = Release|Any CPU
	EndGlobalSection
	GlobalSection(ProjectConfigurationPlatforms) = postSolution
		{3A50DF7C-1B83-49EE-AC53-80A807F2CCFD}.Debug|Any CPU.ActiveCfg = Debug|Any CPU
		{3A50DF7C-1B83-49EE-AC53-80A807F2CCFD}.Debug|Any CPU.Build.0 = Debug|Any CPU
		{3A50DF7C-1B83-49EE-AC53-80A807F2CCFD}.Release|Any CPU.ActiveCfg = Release|Any CPU
		{3A50DF7C-1B83-49EE-AC53-80A807F2CCFD}.Release|Any CPU.Build.0 = Release|Any CPU
	EndGlobalSection
	GlobalSection(SolutionProperties) = preSolution
		HideSolutionNode = FALSE
	EndGlobalSection
	GlobalSection(ExtensibilityGlobals) = postSolution
		SolutionGuid = {41B15D9F-86A9-48F4-9610-03778CC2884C}
	EndGlobalSection
EndGlobal
